
Microsoft Visual Studio Solution File, Format Version 12.00
# Visual Studio Version 16
VisualStudioVersion = 16.0.30204.135
MinimumVisualStudioVersion = 10.0.40219.1
Project("{FAE04EC0-301F-11D3-BF4B-00C04F79EFBC}") = "PersonCrud.Api", "PersonCrud.Api\PersonCrud.Api.csproj", "{05401BB4-A09E-4737-8C3E-232B11D62B08}"
EndProject
Project("{FAE04EC0-301F-11D3-BF4B-00C04F79EFBC}") = "PersonCrud.Tests", "PersonCrud.Tests\PersonCrud.Tests.csproj", "{2ED07834-4868-40D6-886E-AEC22AFABE70}"
EndProject
Global
	GlobalSection(SolutionConfigurationPlatforms) = preSolution
		Debug|Any CPU = Debug|Any CPU
		Release|Any CPU = Release|Any CPU
	EndGlobalSection
	GlobalSection(ProjectConfigurationPlatforms) = postSolution
		{05401BB4-A09E-4737-8C3E-232B11D62B08}.Debug|Any CPU.ActiveCfg = Debug|Any CPU
		{05401BB4-A09E-4737-8C3E-232B11D62B08}.Debug|Any CPU.Build.0 = Debug|Any CPU
		{05401BB4-A09E-4737-8C3E-232B11D62B08}.Release|Any CPU.ActiveCfg = Release|Any CPU
		{05401BB4-A09E-4737-8C3E-232B11D62B08}.Release|Any CPU.Build.0 = Release|Any CPU
		{2ED07834-4868-40D6-886E-AEC22AFABE70}.Debug|Any CPU.ActiveCfg = Debug|Any CPU
		{2ED07834-4868-40D6-886E-AEC22AFABE70}.Debug|Any CPU.Build.0 = Debug|Any CPU
		{2ED07834-4868-40D6-886E-AEC22AFABE70}.Release|Any CPU.ActiveCfg = Release|Any CPU
		{2ED07834-4868-40D6-886E-AEC22AFABE70}.Release|Any CPU.Build.0 = Release|Any CPU
	EndGlobalSection
	GlobalSection(SolutionProperties) = preSolution
		HideSolutionNode = FALSE
	EndGlobalSection
	GlobalSection(ExtensibilityGlobals) = postSolution
		SolutionGuid = {8B316050-3681-40F8-9433-566B988142A2}
	EndGlobalSection
EndGlobal
